
Microsoft Visual Studio Solution File, Format Version 12.00
# Visual Studio Version 16
VisualStudioVersion = 16.0.31025.194
MinimumVisualStudioVersion = 10.0.40219.1
Project("{8BC9CEB8-8B4A-11D0-8D11-00A0C91BC942}") = "자판기", "자판기\자판기.vcxproj", "{F318F4C9-AFE2-4B83-B349-0CE6FFEE8CF5}"
EndProject
Global
	GlobalSection(SolutionConfigurationPlatforms) = preSolution
		Debug|x64 = Debug|x64
		Debug|x86 = Debug|x86
		Release|x64 = Release|x64
		Release|x86 = Release|x86
	EndGlobalSection
	GlobalSection(ProjectConfigurationPlatforms) = postSolution
		{F318F4C9-AFE2-4B83-B349-0CE6FFEE8CF5}.Debug|x64.ActiveCfg = Debug|x64
		{F318F4C9-AFE2-4B83-B349-0CE6FFEE8CF5}.Debug|x64.Build.0 = Debug|x64
		{F318F4C9-AFE2-4B83-B349-0CE6FFEE8CF5}.Debug|x86.ActiveCfg = Debug|Win32
		{F318F4C9-AFE2-4B83-B349-0CE6FFEE8CF5}.Debug|x86.Build.0 = Debug|Win32
		{F318F4C9-AFE2-4B83-B349-0CE6FFEE8CF5}.Release|x64.ActiveCfg = Release|x64
		{F318F4C9-AFE2-4B83-B349-0CE6FFEE8CF5}.Release|x64.Build.0 = Release|x64
		{F318F4C9-AFE2-4B83-B349-0CE6FFEE8CF5}.Release|x86.ActiveCfg = Release|Win32
		{F318F4C9-AFE2-4B83-B349-0CE6FFEE8CF5}.Release|x86.Build.0 = Release|Win32
	EndGlobalSection
	GlobalSection(SolutionProperties) = preSolution
		HideSolutionNode = FALSE
	EndGlobalSection
	GlobalSection(ExtensibilityGlobals) = postSolution
		SolutionGuid = {83B0F748-01EA-4BF7-9CAB-B5F17270C245}
	EndGlobalSection
EndGlobal
